// !$*UTF8*$!
{
	archiveVersion = 1;
	classes = {
	};
	objectVersion = 46;
	objects = {

/* Begin PBXBuildFile section */
		09100B381676A563002B0A34 /* main.cpp in Sources */ = {isa = PBXBuildFile; fileRef = 09100B371676A563002B0A34 /* main.cpp */; };
		09100B5A1676A7F6002B0A34 /* libst.a in Frameworks */ = {isa = PBXBuildFile; fileRef = 09100B551676A60B002B0A34 /* libst.a */; };
		09100B751676A959002B0A34 /* GLUT.framework in Frameworks */ = {isa = PBXBuildFile; fileRef = 09100B741676A959002B0A34 /* GLUT.framework */; };
		09100B771676A95E002B0A34 /* OpenGL.framework in Frameworks */ = {isa = PBXBuildFile; fileRef = 09100B761676A95E002B0A34 /* OpenGL.framework */; };
/* End PBXBuildFile section */

/* Begin PBXContainerItemProxy section */
		09100B541676A60B002B0A34 /* PBXContainerItemProxy */ = {
			isa = PBXContainerItemProxy;
			containerPortal = 09100B4D1676A60B002B0A34 /* libst.xcodeproj */;
			proxyType = 2;
			remoteGlobalIDString = D2AAC046055464E500DB518D;
			remoteInfo = libst;
		};
/* End PBXContainerItemProxy section */

/* Begin PBXCopyFilesBuildPhase section */
		09100B311676A563002B0A34 /* CopyFiles */ = {
			isa = PBXCopyFilesBuildPhase;
			buildActionMask = 2147483647;
			dstPath = /usr/share/man/man1/;
			dstSubfolderSpec = 0;
			files = (
			);
			runOnlyForDeploymentPostprocessing = 1;
		};
/* End PBXCopyFilesBuildPhase section */

/* Begin PBXFileReference section */
		09100B331676A563002B0A34 /* QuadShader */ = {isa = PBXFileReference; explicitFileType = "compiled.mach-o.executable"; includeInIndex = 0; path = QuadShader; sourceTree = BUILT_PRODUCTS_DIR; };
		09100B371676A563002B0A34 /* main.cpp */ = {isa = PBXFileReference; lastKnownFileType = sourcecode.cpp.cpp; path = main.cpp; sourceTree = "<group>"; };
		09100B4D1676A60B002B0A34 /* libst.xcodeproj */ = {isa = PBXFileReference; lastKnownFileType = "wrapper.pb-project"; name = libst.xcodeproj; path = libst/xcode/libst.xcodeproj; sourceTree = "<group>"; };
		09100B561676A61B002B0A34 /* default.vert */ = {isa = PBXFileReference; fileEncoding = 4; lastKnownFileType = sourcecode.glsl; path = default.vert; sourceTree = "<group>"; };
		09100B571676A61B002B0A34 /* phong.frag */ = {isa = PBXFileReference; fileEncoding = 4; lastKnownFileType = sourcecode.glsl; path = phong.frag; sourceTree = "<group>"; };
		09100B741676A959002B0A34 /* GLUT.framework */ = {isa = PBXFileReference; lastKnownFileType = wrapper.framework; name = GLUT.framework; path = Platforms/MacOSX.platform/Developer/SDKs/MacOSX10.8.sdk/System/Library/Frameworks/GLUT.framework; sourceTree = DEVELOPER_DIR; };
		09100B761676A95E002B0A34 /* OpenGL.framework */ = {isa = PBXFileReference; lastKnownFileType = wrapper.framework; name = OpenGL.framework; path = Platforms/MacOSX.platform/Developer/SDKs/MacOSX10.8.sdk/System/Library/Frameworks/OpenGL.framework; sourceTree = DEVELOPER_DIR; };
/* End PBXFileReference section */

/* Begin PBXFrameworksBuildPhase section */
		09100B301676A563002B0A34 /* Frameworks */ = {
			isa = PBXFrameworksBuildPhase;
			buildActionMask = 2147483647;
			files = (
				09100B5A1676A7F6002B0A34 /* libst.a in Frameworks */,
				09100B771676A95E002B0A34 /* OpenGL.framework in Frameworks */,
				09100B751676A959002B0A34 /* GLUT.framework in Frameworks */,
			);
			runOnlyForDeploymentPostprocessing = 0;
		};
/* End PBXFrameworksBuildPhase section */

/* Begin PBXGroup section */
		09100B261676A538002B0A34 = {
			isa = PBXGroup;
			children = (
				09100B361676A563002B0A34 /* QuadShader */,
				09100B6F1676A93B002B0A34 /* Libraries */,
				09100B341676A563002B0A34 /* Products */,
				09100B4D1676A60B002B0A34 /* libst.xcodeproj */,
			);
			sourceTree = "<group>";
		};
		09100B341676A563002B0A34 /* Products */ = {
			isa = PBXGroup;
			children = (
				09100B331676A563002B0A34 /* QuadShader */,
			);
			name = Products;
			sourceTree = "<group>";
		};
		09100B361676A563002B0A34 /* QuadShader */ = {
			isa = PBXGroup;
			children = (
				09100B561676A61B002B0A34 /* default.vert */,
				09100B571676A61B002B0A34 /* phong.frag */,
				09100B371676A563002B0A34 /* main.cpp */,
			);
			path = QuadShader;
			sourceTree = "<group>";
		};
		09100B4E1676A60B002B0A34 /* Products */ = {
			isa = PBXGroup;
			children = (
				09100B551676A60B002B0A34 /* libst.a */,
			);
			name = Products;
			sourceTree = "<group>";
		};
		09100B6F1676A93B002B0A34 /* Libraries */ = {
			isa = PBXGroup;
			children = (
				09100B761676A95E002B0A34 /* OpenGL.framework */,
				09100B741676A959002B0A34 /* GLUT.framework */,
			);
			name = Libraries;
			path = libst/xcode;
			sourceTree = "<group>";
		};
/* End PBXGroup section */

/* Begin PBXNativeTarget section */
		09100B321676A563002B0A34 /* QuadShader */ = {
			isa = PBXNativeTarget;
			buildConfigurationList = 09100B3B1676A563002B0A34 /* Build configuration list for PBXNativeTarget "QuadShader" */;
			buildPhases = (
				09100B2F1676A563002B0A34 /* Sources */,
				09100B301676A563002B0A34 /* Frameworks */,
				09100B311676A563002B0A34 /* CopyFiles */,
			);
			buildRules = (
			);
			dependencies = (
			);
			name = QuadShader;
			productName = QuadShader;
			productReference = 09100B331676A563002B0A34 /* QuadShader */;
			productType = "com.apple.product-type.tool";
		};
/* End PBXNativeTarget section */

/* Begin PBXProject section */
		09100B281676A538002B0A34 /* Project object */ = {
			isa = PBXProject;
			attributes = {
				LastUpgradeCheck = 0450;
			};
			buildConfigurationList = 09100B2B1676A538002B0A34 /* Build configuration list for PBXProject "QuadShader" */;
			compatibilityVersion = "Xcode 3.2";
			developmentRegion = English;
			hasScannedForEncodings = 0;
			knownRegions = (
				en,
			);
			mainGroup = 09100B261676A538002B0A34;
			productRefGroup = 09100B341676A563002B0A34 /* Products */;
			projectDirPath = "";
			projectReferences = (
				{
					ProductGroup = 09100B4E1676A60B002B0A34 /* Products */;
					ProjectRef = 09100B4D1676A60B002B0A34 /* libst.xcodeproj */;
				},
			);
			projectRoot = "";
			targets = (
				09100B321676A563002B0A34 /* QuadShader */,
			);
		};
/* End PBXProject section */

/* Begin PBXReferenceProxy section */
		09100B551676A60B002B0A34 /* libst.a */ = {
			isa = PBXReferenceProxy;
			fileType = archive.ar;
			path = libst.a;
			remoteRef = 09100B541676A60B002B0A34 /* PBXContainerItemProxy */;
			sourceTree = BUILT_PRODUCTS_DIR;
		};
/* End PBXReferenceProxy section */

/* Begin PBXSourcesBuildPhase section */
		09100B2F1676A563002B0A34 /* Sources */ = {
			isa = PBXSourcesBuildPhase;
			buildActionMask = 2147483647;
			files = (
				09100B381676A563002B0A34 /* main.cpp in Sources */,
			);
			runOnlyForDeploymentPostprocessing = 0;
		};
/* End PBXSourcesBuildPhase section */

/* Begin XCBuildConfiguration section */
		09100B2D1676A538002B0A34 /* Debug */ = {
			isa = XCBuildConfiguration;
			buildSettings = {
			};
			name = Debug;
		};
		09100B2E1676A538002B0A34 /* Release */ = {
			isa = XCBuildConfiguration;
			buildSettings = {
			};
			name = Release;
		};
		09100B3C1676A563002B0A34 /* Debug */ = {
			isa = XCBuildConfiguration;
			buildSettings = {
				ALWAYS_SEARCH_USER_PATHS = NO;
				ARCHS = "$(ARCHS_STANDARD_64_BIT)";
				CLANG_CXX_LANGUAGE_STANDARD = "gnu++0x";
				CLANG_CXX_LIBRARY = "libc++";
				CLANG_WARN_EMPTY_BODY = YES;
				CLANG_WARN__DUPLICATE_METHOD_MATCH = YES;
				COPY_PHASE_STRIP = NO;
				GCC_C_LANGUAGE_STANDARD = gnu99;
				GCC_DYNAMIC_NO_PIC = NO;
				GCC_ENABLE_OBJC_EXCEPTIONS = YES;
				GCC_OPTIMIZATION_LEVEL = 0;
				GCC_PREPROCESSOR_DEFINITIONS = (
					"DEBUG=1",
					"$(inherited)",
				);
				GCC_SYMBOLS_PRIVATE_EXTERN = NO;
				GCC_WARN_64_TO_32_BIT_CONVERSION = YES;
				GCC_WARN_ABOUT_RETURN_TYPE = YES;
				GCC_WARN_UNINITIALIZED_AUTOS = YES;
				GCC_WARN_UNUSED_VARIABLE = YES;
				HEADER_SEARCH_PATHS = "$(PROJECT_DIR)/libst/include/";
				LIBRARY_SEARCH_PATHS = (
					"$(inherited)",
					/opt/local/lib,
				);
				MACOSX_DEPLOYMENT_TARGET = 10.7;
				ONLY_ACTIVE_ARCH = YES;
				OTHER_LDFLAGS = (
					"-lz",
					"-ljpeg",
					"-lpng",
					"-lfreetype",
				);
				PRODUCT_NAME = "$(TARGET_NAME)";
			};
			name = Debug;
		};
		09100B3D1676A563002B0A34 /* Release */ = {
			isa = XCBuildConfiguration;
			buildSettings = {
				ALWAYS_SEARCH_USER_PATHS = NO;
				ARCHS = "$(ARCHS_STANDARD_64_BIT)";
				CLANG_CXX_LANGUAGE_STANDARD = "gnu++0x";
				CLANG_CXX_LIBRARY = "libc++";
				CLANG_WARN_EMPTY_BODY = YES;
				CLANG_WARN__DUPLICATE_METHOD_MATCH = YES;
				COPY_PHASE_STRIP = YES;
				DEBUG_INFORMATION_FORMAT = "dwarf-with-dsym";
				GCC_C_LANGUAGE_STANDARD = gnu99;
				GCC_ENABLE_OBJC_EXCEPTIONS = YES;
				GCC_WARN_64_TO_32_BIT_CONVERSION = YES;
				GCC_WARN_ABOUT_RETURN_TYPE = YES;
				GCC_WARN_UNINITIALIZED_AUTOS = YES;
				GCC_WARN_UNUSED_VARIABLE = YES;
				HEADER_SEARCH_PATHS = "$(PROJECT_DIR)/libst/include/";
				LIBRARY_SEARCH_PATHS = (
					"$(inherited)",
					/opt/local/lib,
				);
				MACOSX_DEPLOYMENT_TARGET = 10.7;
				OTHER_LDFLAGS = (
					"-lz",
					"-ljpeg",
					"-lpng",
					"-lfreetype",
				);
				PRODUCT_NAME = "$(TARGET_NAME)";
			};
			name = Release;
		};
/* End XCBuildConfiguration section */

/* Begin XCConfigurationList section */
		09100B2B1676A538002B0A34 /* Build configuration list for PBXProject "QuadShader" */ = {
			isa = XCConfigurationList;
			buildConfigurations = (
				09100B2D1676A538002B0A34 /* Debug */,
				09100B2E1676A538002B0A34 /* Release */,
			);
			defaultConfigurationIsVisible = 0;
			defaultConfigurationName = Release;
		};
		09100B3B1676A563002B0A34 /* Build configuration list for PBXNativeTarget "QuadShader" */ = {
			isa = XCConfigurationList;
			buildConfigurations = (
				09100B3C1676A563002B0A34 /* Debug */,
				09100B3D1676A563002B0A34 /* Release */,
			);
			defaultConfigurationIsVisible = 0;
			defaultConfigurationName = Release;
		};
/* End XCConfigurationList section */
	};
	rootObject = 09100B281676A538002B0A34 /* Project object */;
}
